// !$*UTF8*$!
{
	archiveVersion = 1;
	classes = {
	};
	objectVersion = 48;
	objects = {

/* Begin PBXBuildFile section */
		7CD42FE32069ECA500197307 /* main.c in Sources */ = {isa = PBXBuildFile; fileRef = 7CD42FE22069ECA500197307 /* main.c */; };
		7CD430222069F19900197307 /* librtmp.a in Frameworks */ = {isa = PBXBuildFile; fileRef = 7CD430212069F19900197307 /* librtmp.a */; };
		7CD430242069F20300197307 /* Publish.c in Sources */ = {isa = PBXBuildFile; fileRef = 7CD430232069F20300197307 /* Publish.c */; };
/* End PBXBuildFile section */

/* Begin PBXCopyFilesBuildPhase section */
		7CD42FDD2069ECA500197307 /* CopyFiles */ = {
			isa = PBXCopyFilesBuildPhase;
			buildActionMask = 2147483647;
			dstPath = /usr/share/man/man1/;
			dstSubfolderSpec = 0;
			files = (
			);
			runOnlyForDeploymentPostprocessing = 1;
		};
/* End PBXCopyFilesBuildPhase section */

/* Begin PBXFileReference section */
		7CD42FDF2069ECA500197307 /* Publish */ = {isa = PBXFileReference; explicitFileType = "compiled.mach-o.executable"; includeInIndex = 0; path = Publish; sourceTree = BUILT_PRODUCTS_DIR; };
		7CD42FE22069ECA500197307 /* main.c */ = {isa = PBXFileReference; lastKnownFileType = sourcecode.c.c; path = main.c; sourceTree = "<group>"; };
		7CD4301C2069F14700197307 /* http.h */ = {isa = PBXFileReference; fileEncoding = 4; lastKnownFileType = sourcecode.c.h; path = http.h; sourceTree = "<group>"; };
		7CD4301D2069F14700197307 /* amf.h */ = {isa = PBXFileReference; fileEncoding = 4; lastKnownFileType = sourcecode.c.h; path = amf.h; sourceTree = "<group>"; };
		7CD4301E2069F14700197307 /* log.h */ = {isa = PBXFileReference; fileEncoding = 4; lastKnownFileType = sourcecode.c.h; path = log.h; sourceTree = "<group>"; };
		7CD4301F2069F14700197307 /* rtmp.h */ = {isa = PBXFileReference; fileEncoding = 4; lastKnownFileType = sourcecode.c.h; path = rtmp.h; sourceTree = "<group>"; };
		7CD430212069F19900197307 /* librtmp.a */ = {isa = PBXFileReference; lastKnownFileType = archive.ar; name = librtmp.a; path = "../../../../../../../../usr/local/Cellar/rtmpdump/2.4+20151223/lib/librtmp.a"; sourceTree = "<group>"; };
		7CD430232069F20300197307 /* Publish.c */ = {isa = PBXFileReference; lastKnownFileType = sourcecode.c.c; path = Publish.c; sourceTree = "<group>"; };
/* End PBXFileReference section */

/* Begin PBXFrameworksBuildPhase section */
		7CD42FDC2069ECA500197307 /* Frameworks */ = {
			isa = PBXFrameworksBuildPhase;
			buildActionMask = 2147483647;
			files = (
				7CD430222069F19900197307 /* librtmp.a in Frameworks */,
			);
			runOnlyForDeploymentPostprocessing = 0;
		};
/* End PBXFrameworksBuildPhase section */

/* Begin PBXGroup section */
		7CD42FD62069ECA500197307 = {
			isa = PBXGroup;
			children = (
				7CD4301B2069F14700197307 /* librtmp */,
				7CD42FE12069ECA500197307 /* Publish */,
				7CD42FE02069ECA500197307 /* Products */,
				7CD430202069F19900197307 /* Frameworks */,
			);
			sourceTree = "<group>";
		};
		7CD42FE02069ECA500197307 /* Products */ = {
			isa = PBXGroup;
			children = (
				7CD42FDF2069ECA500197307 /* Publish */,
			);
			name = Products;
			sourceTree = "<group>";
		};
		7CD42FE12069ECA500197307 /* Publish */ = {
			isa = PBXGroup;
			children = (
				7CD42FE22069ECA500197307 /* main.c */,
				7CD430232069F20300197307 /* Publish.c */,
			);
			path = Publish;
			sourceTree = "<group>";
		};
		7CD4301B2069F14700197307 /* librtmp */ = {
			isa = PBXGroup;
			children = (
				7CD4301C2069F14700197307 /* http.h */,
				7CD4301D2069F14700197307 /* amf.h */,
				7CD4301E2069F14700197307 /* log.h */,
				7CD4301F2069F14700197307 /* rtmp.h */,
			);
			name = librtmp;
			path = ../../librtmp;
			sourceTree = "<group>";
		};
		7CD430202069F19900197307 /* Frameworks */ = {
			isa = PBXGroup;
			children = (
				7CD430212069F19900197307 /* librtmp.a */,
			);
			name = Frameworks;
			sourceTree = "<group>";
		};
/* End PBXGroup section */

/* Begin PBXNativeTarget section */
		7CD42FDE2069ECA500197307 /* Publish */ = {
			isa = PBXNativeTarget;
			buildConfigurationList = 7CD42FE62069ECA500197307 /* Build configuration list for PBXNativeTarget "Publish" */;
			buildPhases = (
				7CD42FDB2069ECA500197307 /* Sources */,
				7CD42FDC2069ECA500197307 /* Frameworks */,
				7CD42FDD2069ECA500197307 /* CopyFiles */,
			);
			buildRules = (
			);
			dependencies = (
			);
			name = Publish;
			productName = Publish;
			productReference = 7CD42FDF2069ECA500197307 /* Publish */;
			productType = "com.apple.product-type.tool";
		};
/* End PBXNativeTarget section */

/* Begin PBXProject section */
		7CD42FD72069ECA500197307 /* Project object */ = {
			isa = PBXProject;
			attributes = {
				LastUpgradeCheck = 0920;
				ORGANIZATIONNAME = angle;
				TargetAttributes = {
					7CD42FDE2069ECA500197307 = {
						CreatedOnToolsVersion = 9.2;
						ProvisioningStyle = Automatic;
					};
				};
			};
			buildConfigurationList = 7CD42FDA2069ECA500197307 /* Build configuration list for PBXProject "Publish" */;
			compatibilityVersion = "Xcode 8.0";
			developmentRegion = en;
			hasScannedForEncodings = 0;
			knownRegions = (
				en,
			);
			mainGroup = 7CD42FD62069ECA500197307;
			productRefGroup = 7CD42FE02069ECA500197307 /* Products */;
			projectDirPath = "";
			projectRoot = "";
			targets = (
				7CD42FDE2069ECA500197307 /* Publish */,
			);
		};
/* End PBXProject section */

/* Begin PBXSourcesBuildPhase section */
		7CD42FDB2069ECA500197307 /* Sources */ = {
			isa = PBXSourcesBuildPhase;
			buildActionMask = 2147483647;
			files = (
				7CD42FE32069ECA500197307 /* main.c in Sources */,
				7CD430242069F20300197307 /* Publish.c in Sources */,
			);
			runOnlyForDeploymentPostprocessing = 0;
		};
/* End PBXSourcesBuildPhase section */

/* Begin XCBuildConfiguration section */
		7CD42FE42069ECA500197307 /* Debug */ = {
			isa = XCBuildConfiguration;
			buildSettings = {
				ALWAYS_SEARCH_USER_PATHS = NO;
				CLANG_ANALYZER_NONNULL = YES;
				CLANG_ANALYZER_NUMBER_OBJECT_CONVERSION = YES_AGGRESSIVE;
				CLANG_CXX_LANGUAGE_STANDARD = "gnu++14";
				CLANG_CXX_LIBRARY = "libc++";
				CLANG_ENABLE_MODULES = YES;
				CLANG_ENABLE_OBJC_ARC = YES;
				CLANG_WARN_BLOCK_CAPTURE_AUTORELEASING = YES;
				CLANG_WARN_BOOL_CONVERSION = YES;
				CLANG_WARN_COMMA = YES;
				CLANG_WARN_CONSTANT_CONVERSION = YES;
				CLANG_WARN_DIRECT_OBJC_ISA_USAGE = YES_ERROR;
				CLANG_WARN_DOCUMENTATION_COMMENTS = YES;
				CLANG_WARN_EMPTY_BODY = YES;
				CLANG_WARN_ENUM_CONVERSION = YES;
				CLANG_WARN_INFINITE_RECURSION = YES;
				CLANG_WARN_INT_CONVERSION = YES;
				CLANG_WARN_NON_LITERAL_NULL_CONVERSION = YES;
				CLANG_WARN_OBJC_LITERAL_CONVERSION = YES;
				CLANG_WARN_OBJC_ROOT_CLASS = YES_ERROR;
				CLANG_WARN_RANGE_LOOP_ANALYSIS = YES;
				CLANG_WARN_STRICT_PROTOTYPES = YES;
				CLANG_WARN_SUSPICIOUS_MOVE = YES;
				CLANG_WARN_UNGUARDED_AVAILABILITY = YES_AGGRESSIVE;
				CLANG_WARN_UNREACHABLE_CODE = YES;
				CLANG_WARN__DUPLICATE_METHOD_MATCH = YES;
				CODE_SIGN_IDENTITY = "Mac Developer";
				COPY_PHASE_STRIP = NO;
				DEBUG_INFORMATION_FORMAT = dwarf;
				ENABLE_STRICT_OBJC_MSGSEND = YES;
				ENABLE_TESTABILITY = YES;
				GCC_C_LANGUAGE_STANDARD = gnu11;
				GCC_DYNAMIC_NO_PIC = NO;
				GCC_NO_COMMON_BLOCKS = YES;
				GCC_OPTIMIZATION_LEVEL = 0;
				GCC_PREPROCESSOR_DEFINITIONS = (
					"DEBUG=1",
					"$(inherited)",
				);
				GCC_WARN_64_TO_32_BIT_CONVERSION = YES;
				GCC_WARN_ABOUT_RETURN_TYPE = YES_ERROR;
				GCC_WARN_UNDECLARED_SELECTOR = YES;
				GCC_WARN_UNINITIALIZED_AUTOS = YES_AGGRESSIVE;
				GCC_WARN_UNUSED_FUNCTION = YES;
				GCC_WARN_UNUSED_VARIABLE = YES;
				MACOSX_DEPLOYMENT_TARGET = 10.13;
				MTL_ENABLE_DEBUG_INFO = YES;
				ONLY_ACTIVE_ARCH = YES;
				SDKROOT = macosx;
			};
			name = Debug;
		};
		7CD42FE52069ECA500197307 /* Release */ = {
			isa = XCBuildConfiguration;
			buildSettings = {
				ALWAYS_SEARCH_USER_PATHS = NO;
				CLANG_ANALYZER_NONNULL = YES;
				CLANG_ANALYZER_NUMBER_OBJECT_CONVERSION = YES_AGGRESSIVE;
				CLANG_CXX_LANGUAGE_STANDARD = "gnu++14";
				CLANG_CXX_LIBRARY = "libc++";
				CLANG_ENABLE_MODULES = YES;
				CLANG_ENABLE_OBJC_ARC = YES;
				CLANG_WARN_BLOCK_CAPTURE_AUTORELEASING = YES;
				CLANG_WARN_BOOL_CONVERSION = YES;
				CLANG_WARN_COMMA = YES;
				CLANG_WARN_CONSTANT_CONVERSION = YES;
				CLANG_WARN_DIRECT_OBJC_ISA_USAGE = YES_ERROR;
				CLANG_WARN_DOCUMENTATION_COMMENTS = YES;
				CLANG_WARN_EMPTY_BODY = YES;
				CLANG_WARN_ENUM_CONVERSION = YES;
				CLANG_WARN_INFINITE_RECURSION = YES;
				CLANG_WARN_INT_CONVERSION = YES;
				CLANG_WARN_NON_LITERAL_NULL_CONVERSION = YES;
				CLANG_WARN_OBJC_LITERAL_CONVERSION = YES;
				CLANG_WARN_OBJC_ROOT_CLASS = YES_ERROR;
				CLANG_WARN_RANGE_LOOP_ANALYSIS = YES;
				CLANG_WARN_STRICT_PROTOTYPES = YES;
				CLANG_WARN_SUSPICIOUS_MOVE = YES;
				CLANG_WARN_UNGUARDED_AVAILABILITY = YES_AGGRESSIVE;
				CLANG_WARN_UNREACHABLE_CODE = YES;
				CLANG_WARN__DUPLICATE_METHOD_MATCH = YES;
				CODE_SIGN_IDENTITY = "Mac Developer";
				COPY_PHASE_STRIP = NO;
				DEBUG_INFORMATION_FORMAT = "dwarf-with-dsym";
				ENABLE_NS_ASSERTIONS = NO;
				ENABLE_STRICT_OBJC_MSGSEND = YES;
				GCC_C_LANGUAGE_STANDARD = gnu11;
				GCC_NO_COMMON_BLOCKS = YES;
				GCC_WARN_64_TO_32_BIT_CONVERSION = YES;
				GCC_WARN_ABOUT_RETURN_TYPE = YES_ERROR;
				GCC_WARN_UNDECLARED_SELECTOR = YES;
				GCC_WARN_UNINITIALIZED_AUTOS = YES_AGGRESSIVE;
				GCC_WARN_UNUSED_FUNCTION = YES;
				GCC_WARN_UNUSED_VARIABLE = YES;
				MACOSX_DEPLOYMENT_TARGET = 10.13;
				MTL_ENABLE_DEBUG_INFO = NO;
				SDKROOT = macosx;
			};
			name = Release;
		};
		7CD42FE72069ECA500197307 /* Debug */ = {
			isa = XCBuildConfiguration;
			buildSettings = {
				CODE_SIGN_STYLE = Automatic;
				DEVELOPMENT_TEAM = QZ8MTS5GLY;
				LIBRARY_SEARCH_PATHS = "/usr/local/Cellar/rtmpdump/2.4+20151223/lib";
				PRODUCT_NAME = "$(TARGET_NAME)";
			};
			name = Debug;
		};
		7CD42FE82069ECA500197307 /* Release */ = {
			isa = XCBuildConfiguration;
			buildSettings = {
				CODE_SIGN_STYLE = Automatic;
				DEVELOPMENT_TEAM = QZ8MTS5GLY;
				LIBRARY_SEARCH_PATHS = "/usr/local/Cellar/rtmpdump/2.4+20151223/lib";
				PRODUCT_NAME = "$(TARGET_NAME)";
			};
			name = Release;
		};
/* End XCBuildConfiguration section */

/* Begin XCConfigurationList section */
		7CD42FDA2069ECA500197307 /* Build configuration list for PBXProject "Publish" */ = {
			isa = XCConfigurationList;
			buildConfigurations = (
				7CD42FE42069ECA500197307 /* Debug */,
				7CD42FE52069ECA500197307 /* Release */,
			);
			defaultConfigurationIsVisible = 0;
			defaultConfigurationName = Release;
		};
		7CD42FE62069ECA500197307 /* Build configuration list for PBXNativeTarget "Publish" */ = {
			isa = XCConfigurationList;
			buildConfigurations = (
				7CD42FE72069ECA500197307 /* Debug */,
				7CD42FE82069ECA500197307 /* Release */,
			);
			defaultConfigurationIsVisible = 0;
			defaultConfigurationName = Release;
		};
/* End XCConfigurationList section */
	};
	rootObject = 7CD42FD72069ECA500197307 /* Project object */;
}
